
Microsoft Visual Studio Solution File, Format Version 12.00
# Visual Studio 15
VisualStudioVersion = 15.0.27130.2036
MinimumVisualStudioVersion = 10.0.40219.1
Project("{FAE04EC0-301F-11D3-BF4B-00C04F79EFBC}") = "Threading", "Threading\Threading.csproj", "{8790EA18-0316-4E1F-97FF-CD68DE15168A}"
EndProject
Global
	GlobalSection(SolutionConfigurationPlatforms) = preSolution
		Debug|Any CPU = Debug|Any CPU
		Release|Any CPU = Release|Any CPU
	EndGlobalSection
	GlobalSection(ProjectConfigurationPlatforms) = postSolution
		{8790EA18-0316-4E1F-97FF-CD68DE15168A}.Debug|Any CPU.ActiveCfg = Debug|Any CPU
		{8790EA18-0316-4E1F-97FF-CD68DE15168A}.Debug|Any CPU.Build.0 = Debug|Any CPU
		{8790EA18-0316-4E1F-97FF-CD68DE15168A}.Release|Any CPU.ActiveCfg = Release|Any CPU
		{8790EA18-0316-4E1F-97FF-CD68DE15168A}.Release|Any CPU.Build.0 = Release|Any CPU
	EndGlobalSection
	GlobalSection(SolutionProperties) = preSolution
		HideSolutionNode = FALSE
	EndGlobalSection
	GlobalSection(ExtensibilityGlobals) = postSolution
		SolutionGuid = {F1EDAEAF-D86F-408C-A5B1-81D256275E92}
	EndGlobalSection
EndGlobal
